
Microsoft Visual Studio Solution File, Format Version 12.00
# Visual Studio Version 17
VisualStudioVersion = 17.5.33530.505
MinimumVisualStudioVersion = 10.0.40219.1
Project("{FAE04EC0-301F-11D3-BF4B-00C04F79EFBC}") = "ControleMedicamentos", "ControleMedicamentos\ControleMedicamentos.csproj", "{7949E8B0-073C-4793-AC9A-59F56B87D98F}"
EndProject
Global
	GlobalSection(SolutionConfigurationPlatforms) = preSolution
		Debug|Any CPU = Debug|Any CPU
		Release|Any CPU = Release|Any CPU
	EndGlobalSection
	GlobalSection(ProjectConfigurationPlatforms) = postSolution
		{7949E8B0-073C-4793-AC9A-59F56B87D98F}.Debug|Any CPU.ActiveCfg = Debug|Any CPU
		{7949E8B0-073C-4793-AC9A-59F56B87D98F}.Debug|Any CPU.Build.0 = Debug|Any CPU
		{7949E8B0-073C-4793-AC9A-59F56B87D98F}.Release|Any CPU.ActiveCfg = Release|Any CPU
		{7949E8B0-073C-4793-AC9A-59F56B87D98F}.Release|Any CPU.Build.0 = Release|Any CPU
	EndGlobalSection
	GlobalSection(SolutionProperties) = preSolution
		HideSolutionNode = FALSE
	EndGlobalSection
	GlobalSection(ExtensibilityGlobals) = postSolution
		SolutionGuid = {F54F527F-57DC-436F-9D8D-A5E2B3CB226D}
	EndGlobalSection
EndGlobal
